
Microsoft Visual Studio Solution File, Format Version 12.00
# Visual Studio Version 17
VisualStudioVersion = 17.5.33516.290
MinimumVisualStudioVersion = 10.0.40219.1
Project("{FAE04EC0-301F-11D3-BF4B-00C04F79EFBC}") = "TeknosipEntityLayer", "TeknosipEntityLayer\TeknosipEntityLayer.csproj", "{F3AC806E-9985-4785-AAB4-2B38E6BE01BA}"
EndProject
Project("{FAE04EC0-301F-11D3-BF4B-00C04F79EFBC}") = "TeknosipBusinessLayer", "TeknosipBusinessLayer\TeknosipBusinessLayer.csproj", "{EF23D65D-9EC5-46A6-BD8E-C938A164289E}"
EndProject
Project("{FAE04EC0-301F-11D3-BF4B-00C04F79EFBC}") = "TeknosipDataAccessLayer", "TeknosipDataAccessLayer\TeknosipDataAccessLayer.csproj", "{D6666BC5-2FBC-4816-8D1B-01A11639DEBF}"
EndProject
Project("{FAE04EC0-301F-11D3-BF4B-00C04F79EFBC}") = "TeknosipDto", "TeknosipDto\TeknosipDto.csproj", "{A1D87BCB-E148-4BB0-8FE3-856A30956E3B}"
EndProject
Project("{FAE04EC0-301F-11D3-BF4B-00C04F79EFBC}") = "TeknosipWebUI", "TeknosipWebUI\TeknosipWebUI.csproj", "{2D0685A4-62A9-48B5-B28F-E4D42BACCFD5}"
EndProject
Global
	GlobalSection(SolutionConfigurationPlatforms) = preSolution
		Debug|Any CPU = Debug|Any CPU
		Release|Any CPU = Release|Any CPU
	EndGlobalSection
	GlobalSection(ProjectConfigurationPlatforms) = postSolution
		{F3AC806E-9985-4785-AAB4-2B38E6BE01BA}.Debug|Any CPU.ActiveCfg = Debug|Any CPU
		{F3AC806E-9985-4785-AAB4-2B38E6BE01BA}.Debug|Any CPU.Build.0 = Debug|Any CPU
		{F3AC806E-9985-4785-AAB4-2B38E6BE01BA}.Release|Any CPU.ActiveCfg = Release|Any CPU
		{F3AC806E-9985-4785-AAB4-2B38E6BE01BA}.Release|Any CPU.Build.0 = Release|Any CPU
		{EF23D65D-9EC5-46A6-BD8E-C938A164289E}.Debug|Any CPU.ActiveCfg = Debug|Any CPU
		{EF23D65D-9EC5-46A6-BD8E-C938A164289E}.Debug|Any CPU.Build.0 = Debug|Any CPU
		{EF23D65D-9EC5-46A6-BD8E-C938A164289E}.Release|Any CPU.ActiveCfg = Release|Any CPU
		{EF23D65D-9EC5-46A6-BD8E-C938A164289E}.Release|Any CPU.Build.0 = Release|Any CPU
		{D6666BC5-2FBC-4816-8D1B-01A11639DEBF}.Debug|Any CPU.ActiveCfg = Debug|Any CPU
		{D6666BC5-2FBC-4816-8D1B-01A11639DEBF}.Debug|Any CPU.Build.0 = Debug|Any CPU
		{D6666BC5-2FBC-4816-8D1B-01A11639DEBF}.Release|Any CPU.ActiveCfg = Release|Any CPU
		{D6666BC5-2FBC-4816-8D1B-01A11639DEBF}.Release|Any CPU.Build.0 = Release|Any CPU
		{A1D87BCB-E148-4BB0-8FE3-856A30956E3B}.Debug|Any CPU.ActiveCfg = Debug|Any CPU
		{A1D87BCB-E148-4BB0-8FE3-856A30956E3B}.Debug|Any CPU.Build.0 = Debug|Any CPU
		{A1D87BCB-E148-4BB0-8FE3-856A30956E3B}.Release|Any CPU.ActiveCfg = Release|Any CPU
		{A1D87BCB-E148-4BB0-8FE3-856A30956E3B}.Release|Any CPU.Build.0 = Release|Any CPU
		{2D0685A4-62A9-48B5-B28F-E4D42BACCFD5}.Debug|Any CPU.ActiveCfg = Debug|Any CPU
		{2D0685A4-62A9-48B5-B28F-E4D42BACCFD5}.Debug|Any CPU.Build.0 = Debug|Any CPU
		{2D0685A4-62A9-48B5-B28F-E4D42BACCFD5}.Release|Any CPU.ActiveCfg = Release|Any CPU
		{2D0685A4-62A9-48B5-B28F-E4D42BACCFD5}.Release|Any CPU.Build.0 = Release|Any CPU
	EndGlobalSection
	GlobalSection(SolutionProperties) = preSolution
		HideSolutionNode = FALSE
	EndGlobalSection
	GlobalSection(ExtensibilityGlobals) = postSolution
		SolutionGuid = {1E7B882C-91D6-478F-BEE5-0116E2B88E0C}
	EndGlobalSection
EndGlobal
